
Microsoft Visual Studio Solution File, Format Version 12.00
# Visual Studio Version 16
VisualStudioVersion = 16.0.31702.278
MinimumVisualStudioVersion = 10.0.40219.1
Project("{FAE04EC0-301F-11D3-BF4B-00C04F79EFBC}") = "Task02_11_2022", "Task02_11_2022\Task02_11_2022.csproj", "{0B06DB23-35A9-42D6-BE9D-8E3DC83338B7}"
EndProject
Global
	GlobalSection(SolutionConfigurationPlatforms) = preSolution
		Debug|Any CPU = Debug|Any CPU
		Release|Any CPU = Release|Any CPU
	EndGlobalSection
	GlobalSection(ProjectConfigurationPlatforms) = postSolution
		{0B06DB23-35A9-42D6-BE9D-8E3DC83338B7}.Debug|Any CPU.ActiveCfg = Debug|Any CPU
		{0B06DB23-35A9-42D6-BE9D-8E3DC83338B7}.Debug|Any CPU.Build.0 = Debug|Any CPU
		{0B06DB23-35A9-42D6-BE9D-8E3DC83338B7}.Release|Any CPU.ActiveCfg = Release|Any CPU
		{0B06DB23-35A9-42D6-BE9D-8E3DC83338B7}.Release|Any CPU.Build.0 = Release|Any CPU
	EndGlobalSection
	GlobalSection(SolutionProperties) = preSolution
		HideSolutionNode = FALSE
	EndGlobalSection
	GlobalSection(ExtensibilityGlobals) = postSolution
		SolutionGuid = {150F3639-C711-4CFD-8E7C-3908382D79AB}
	EndGlobalSection
EndGlobal
